<Solution>
  <Folder Name="/Database/">
    <File Path="CafePOS.WinForms/bin/Debug/net10.0-windows/Database/01_TaoDatabase.sql" />
    <File Path="CafePOS.WinForms/bin/Debug/net10.0-windows/Database/SQLQuery1.sql" />
  </Folder>
  <Project Path="CafePOS.Business/CafePOS.Business.csproj" />
  <Project Path="CafePOS.Data/CafePOS.Data.csproj" />
  <Project Path="CafePOS.WinForms/CafePOS.WinForms.csproj" />
</Solution>
